
Microsoft Visual Studio Solution File, Format Version 12.00
# Visual Studio Version 17
VisualStudioVersion = 17.0.31314.256
MinimumVisualStudioVersion = 10.0.40219.1
Project("{2150E333-8FDC-42A3-9474-1A3956D46DE8}") = "Automation", "Automation", "{0BFBE63A-B98A-3411-8EEB-8918FEC737B3}"
EndProject
Project("{2150E333-8FDC-42A3-9474-1A3956D46DE8}") = "Engine", "Engine", "{233774A8-CC9D-3FA9-86D1-90573E92B704}"
EndProject
Project("{2150E333-8FDC-42A3-9474-1A3956D46DE8}") = "Games", "Games", "{DE1F8B53-6C02-3C13-9101-A7C8D96F3FF6}"
EndProject
Project("{2150E333-8FDC-42A3-9474-1A3956D46DE8}") = "Programs", "Programs", "{A338B9E2-A559-34BE-A46D-F789DD488FAD}"
EndProject
Project("{2150E333-8FDC-42A3-9474-1A3956D46DE8}") = "Rules", "Rules", "{C2F57ECE-B26F-39D8-BDA7-C1D40BD8F180}"
EndProject
Project("{2150E333-8FDC-42A3-9474-1A3956D46DE8}") = "Shared", "Shared", "{57713676-9DBE-331C-AD10-26632AC9EE0C}"
EndProject
Project("{2150E333-8FDC-42A3-9474-1A3956D46DE8}") = "UnrealBuildTool.Plugins", "UnrealBuildTool.Plugins", "{7B5CFB44-F0FB-31DF-AE62-C3C096A29A7B}"
EndProject
Project("{8BC9CEB8-8B4A-11D0-8D11-00A0C91BC942}") = "Memoryator", "Intermediate\ProjectFiles\Memoryator.vcxproj", "{FD51045C-BC3D-3C21-B94E-0A1E603CFD20}"
	ProjectSection(ProjectDependencies) = postProject
		{B0CD8D05-BBA6-3D03-8009-20FA92759F0D} = {B0CD8D05-BBA6-3D03-8009-20FA92759F0D}
	EndProjectSection
EndProject
Project("{8BC9CEB8-8B4A-11D0-8D11-00A0C91BC942}") = "UE5", "Intermediate\ProjectFiles\UE5.vcxproj", "{0191613C-4DB7-3FFC-A82A-40E6C5E0005E}"
EndProject
Project("{FAE04EC0-301F-11D3-BF4B-00C04F79EFBC}") = "UnrealBuildTool", "..\..\UnrealEngine\LocalBuilds\Engine\Windows\Engine\Source\Programs\UnrealBuildTool\UnrealBuildTool.csproj", "{B0CD8D05-BBA6-3D03-8009-20FA92759F0D}"
EndProject
Project("{FAE04EC0-301F-11D3-BF4B-00C04F79EFBC}") = "AutomationTool", "..\..\UnrealEngine\LocalBuilds\Engine\Windows\Engine\Source\Programs\AutomationTool\AutomationTool.csproj", "{DDB967DB-0DBA-313B-9CEB-23A8B7EB3D91}"
EndProject
Project("{FAE04EC0-301F-11D3-BF4B-00C04F79EFBC}") = "Android.Automation", "..\..\UnrealEngine\LocalBuilds\Engine\Windows\Engine\Source\Programs\AutomationTool\Android\Android.Automation.csproj", "{239FB517-BB17-3BE9-A06C-345069C7FD56}"
EndProject
Project("{FAE04EC0-301F-11D3-BF4B-00C04F79EFBC}") = "Apple.Automation", "..\..\UnrealEngine\LocalBuilds\Engine\Windows\Engine\Source\Programs\AutomationTool\Apple\Apple.Automation.csproj", "{97440FB3-67AC-32D7-844E-7A4FE604C28F}"
EndProject
Project("{FAE04EC0-301F-11D3-BF4B-00C04F79EFBC}") = "AutomationUtils.Automation", "..\..\UnrealEngine\LocalBuilds\Engine\Windows\Engine\Source\Programs\AutomationTool\AutomationUtils\AutomationUtils.Automation.csproj", "{193B2507-25A1-3352-B647-593F1DD11278}"
EndProject
Project("{FAE04EC0-301F-11D3-BF4B-00C04F79EFBC}") = "BuildGraph.Automation", "..\..\UnrealEngine\LocalBuilds\Engine\Windows\Engine\Source\Programs\AutomationTool\BuildGraph\BuildGraph.Automation.csproj", "{61CA5947-4287-3B42-B0E3-4CF1D4CE8936}"
EndProject
Project("{FAE04EC0-301F-11D3-BF4B-00C04F79EFBC}") = "CookedEditor.Automation", "..\..\UnrealEngine\LocalBuilds\Engine\Windows\Engine\Source\Programs\AutomationTool\CookedEditor\CookedEditor.Automation.csproj", "{A3AC0AB1-4F90-342C-9E9A-3D3BEB168870}"
EndProject
Project("{FAE04EC0-301F-11D3-BF4B-00C04F79EFBC}") = "CrowdinLocalization.Automation", "..\..\UnrealEngine\LocalBuilds\Engine\Windows\Engine\Source\Programs\AutomationTool\CrowdinLocalization\CrowdinLocalization.Automation.csproj", "{33813FD0-8B0F-3825-8EDC-DC9248113FE6}"
EndProject
Project("{FAE04EC0-301F-11D3-BF4B-00C04F79EFBC}") = "Gauntlet.Automation", "..\..\UnrealEngine\LocalBuilds\Engine\Windows\Engine\Source\Programs\AutomationTool\Gauntlet\Gauntlet.Automation.csproj", "{BA65C7E4-C2E8-3507-93F8-4D0C848FC1E2}"
EndProject
Project("{FAE04EC0-301F-11D3-BF4B-00C04F79EFBC}") = "IOS.Automation", "..\..\UnrealEngine\LocalBuilds\Engine\Windows\Engine\Source\Programs\AutomationTool\IOS\IOS.Automation.csproj", "{4211DD85-089E-3DFA-8286-6FA5A555ED05}"
EndProject
Project("{FAE04EC0-301F-11D3-BF4B-00C04F79EFBC}") = "Linux.Automation", "..\..\UnrealEngine\LocalBuilds\Engine\Windows\Engine\Source\Programs\AutomationTool\Linux\Linux.Automation.csproj", "{5BB139E1-EA39-352D-AF22-56BEEE61D3E4}"
EndProject
Project("{FAE04EC0-301F-11D3-BF4B-00C04F79EFBC}") = "Localization.Automation", "..\..\UnrealEngine\LocalBuilds\Engine\Windows\Engine\Source\Programs\AutomationTool\Localization\Localization.Automation.csproj", "{4B083E6F-F8E1-32C5-9290-2B26442435D7}"
EndProject
Project("{FAE04EC0-301F-11D3-BF4B-00C04F79EFBC}") = "LowLevelTests.Automation", "..\..\UnrealEngine\LocalBuilds\Engine\Windows\Engine\Source\Programs\AutomationTool\LowLevelTests\LowLevelTests.Automation.csproj", "{42BDCB3C-04EE-3D98-A9BC-48B2BAE0774E}"
EndProject
Project("{FAE04EC0-301F-11D3-BF4B-00C04F79EFBC}") = "Mac.Automation", "..\..\UnrealEngine\LocalBuilds\Engine\Windows\Engine\Source\Programs\AutomationTool\Mac\Mac.Automation.csproj", "{B52EBF4B-98C9-30F1-8583-1BCFC8821542}"
EndProject
Project("{FAE04EC0-301F-11D3-BF4B-00C04F79EFBC}") = "OneSkyLocalization.Automation", "..\..\UnrealEngine\LocalBuilds\Engine\Windows\Engine\Source\Programs\AutomationTool\OneSkyLocalization\OneSkyLocalization.Automation.csproj", "{39695F9B-517A-3C55-8085-4453CDBFD345}"
EndProject
Project("{FAE04EC0-301F-11D3-BF4B-00C04F79EFBC}") = "AutomationScripts.Automation", "..\..\UnrealEngine\LocalBuilds\Engine\Windows\Engine\Source\Programs\AutomationTool\Scripts\AutomationScripts.Automation.csproj", "{C02CE889-7A8A-395E-A650-9C2214EC58B0}"
EndProject
Project("{FAE04EC0-301F-11D3-BF4B-00C04F79EFBC}") = "SmartlingLocalization.Automation", "..\..\UnrealEngine\LocalBuilds\Engine\Windows\Engine\Source\Programs\AutomationTool\SmartlingLocalization\SmartlingLocalization.Automation.csproj", "{27F24524-C2A0-309B-819F-90785D0F9575}"
EndProject
Project("{FAE04EC0-301F-11D3-BF4B-00C04F79EFBC}") = "SteamDeck.Automation", "..\..\UnrealEngine\LocalBuilds\Engine\Windows\Engine\Source\Programs\AutomationTool\SteamDeck\SteamDeck.Automation.csproj", "{D9A943E9-8D3E-3C33-A2FF-3B7C150B06F4}"
EndProject
Project("{FAE04EC0-301F-11D3-BF4B-00C04F79EFBC}") = "TVOS.Automation", "..\..\UnrealEngine\LocalBuilds\Engine\Windows\Engine\Source\Programs\AutomationTool\TVOS\TVOS.Automation.csproj", "{4EA9D9A7-A886-3EF8-BE43-60055B9369EE}"
EndProject
Project("{FAE04EC0-301F-11D3-BF4B-00C04F79EFBC}") = "Turnkey.Automation", "..\..\UnrealEngine\LocalBuilds\Engine\Windows\Engine\Source\Programs\AutomationTool\Turnkey\Turnkey.Automation.csproj", "{41FED0A9-8FE9-3C9F-9DAC-F6762AF67284}"
EndProject
Project("{FAE04EC0-301F-11D3-BF4B-00C04F79EFBC}") = "Win.Automation", "..\..\UnrealEngine\LocalBuilds\Engine\Windows\Engine\Source\Programs\AutomationTool\Win\Win.Automation.csproj", "{ED1FCFA6-4482-3014-B163-F778F4580E56}"
EndProject
Project("{FAE04EC0-301F-11D3-BF4B-00C04F79EFBC}") = "XLocLocalization.Automation", "..\..\UnrealEngine\LocalBuilds\Engine\Windows\Engine\Source\Programs\AutomationTool\XLocLocalization\XLocLocalization.Automation.csproj", "{99709819-CB1C-3221-A780-5D2343CE84C8}"
EndProject
Project("{FAE04EC0-301F-11D3-BF4B-00C04F79EFBC}") = "ScriptGeneratorUbtPlugin.ubtplugin", "..\..\UnrealEngine\LocalBuilds\Engine\Windows\Engine\Plugins\ScriptPlugin\Source\ScriptGeneratorUbtPlugin\ScriptGeneratorUbtPlugin.ubtplugin.csproj", "{E7335B08-A86B-387E-B808-367F8FC4C289}"
EndProject
Project("{FAE04EC0-301F-11D3-BF4B-00C04F79EFBC}") = "EpicGames.AspNet", "..\..\UnrealEngine\LocalBuilds\Engine\Windows\Engine\Source\Programs\Shared\EpicGames.AspNet\EpicGames.AspNet.csproj", "{2F5AA2B5-A18B-325F-903C-202647EDB399}"
EndProject
Project("{FAE04EC0-301F-11D3-BF4B-00C04F79EFBC}") = "EpicGames.Box", "..\..\UnrealEngine\LocalBuilds\Engine\Windows\Engine\Source\Programs\Shared\EpicGames.Box\EpicGames.Box.csproj", "{B281E6E9-A673-38B0-9172-6BF8CFFF0F7C}"
EndProject
Project("{FAE04EC0-301F-11D3-BF4B-00C04F79EFBC}") = "EpicGames.Build", "..\..\UnrealEngine\LocalBuilds\Engine\Windows\Engine\Source\Programs\Shared\EpicGames.Build\EpicGames.Build.csproj", "{A1B8E4B8-444B-394F-A86A-52BEBE7DD30C}"
EndProject
Project("{FAE04EC0-301F-11D3-BF4B-00C04F79EFBC}") = "EpicGames.BuildGraph", "..\..\UnrealEngine\LocalBuilds\Engine\Windows\Engine\Source\Programs\Shared\EpicGames.BuildGraph\EpicGames.BuildGraph.csproj", "{9D987B31-8D69-37A2-8F93-A59E67E11A61}"
EndProject
Project("{FAE04EC0-301F-11D3-BF4B-00C04F79EFBC}") = "EpicGames.Core", "..\..\UnrealEngine\LocalBuilds\Engine\Windows\Engine\Source\Programs\Shared\EpicGames.Core\EpicGames.Core.csproj", "{47017F94-A284-354C-91E7-C856A16519BD}"
EndProject
Project("{FAE04EC0-301F-11D3-BF4B-00C04F79EFBC}") = "EpicGames.Horde", "..\..\UnrealEngine\LocalBuilds\Engine\Windows\Engine\Source\Programs\Shared\EpicGames.Horde\EpicGames.Horde.csproj", "{32E9C29B-0C1E-3D2F-8717-C2E7E9FD95B4}"
EndProject
Project("{FAE04EC0-301F-11D3-BF4B-00C04F79EFBC}") = "EpicGames.IoHash", "..\..\UnrealEngine\LocalBuilds\Engine\Windows\Engine\Source\Programs\Shared\EpicGames.IoHash\EpicGames.IoHash.csproj", "{AF220EA6-DBA5-3018-B349-B11946E7A02B}"
EndProject
Project("{FAE04EC0-301F-11D3-BF4B-00C04F79EFBC}") = "EpicGames.Jupiter", "..\..\UnrealEngine\LocalBuilds\Engine\Windows\Engine\Source\Programs\Shared\EpicGames.Jupiter\EpicGames.Jupiter.csproj", "{B27B0C24-1D7D-3C88-BF47-6B9A4CB2E282}"
EndProject
Project("{FAE04EC0-301F-11D3-BF4B-00C04F79EFBC}") = "EpicGames.MongoDB", "..\..\UnrealEngine\LocalBuilds\Engine\Windows\Engine\Source\Programs\Shared\EpicGames.MongoDB\EpicGames.MongoDB.csproj", "{1298D2C1-6B68-3D6B-A333-568D4D04376C}"
EndProject
Project("{FAE04EC0-301F-11D3-BF4B-00C04F79EFBC}") = "EpicGames.MsBuild", "..\..\UnrealEngine\LocalBuilds\Engine\Windows\Engine\Source\Programs\Shared\EpicGames.MsBuild\EpicGames.MsBuild.csproj", "{35F1E8CC-2F0D-3ED5-852E-A74EB3A89E64}"
EndProject
Project("{FAE04EC0-301F-11D3-BF4B-00C04F79EFBC}") = "EpicGames.OIDC", "..\..\UnrealEngine\LocalBuilds\Engine\Windows\Engine\Source\Programs\Shared\EpicGames.OIDC\EpicGames.OIDC.csproj", "{2E6BFF29-9D41-3399-8C47-939B98244E9A}"
EndProject
Project("{FAE04EC0-301F-11D3-BF4B-00C04F79EFBC}") = "EpicGames.Oodle", "..\..\UnrealEngine\LocalBuilds\Engine\Windows\Engine\Source\Programs\Shared\EpicGames.Oodle\EpicGames.Oodle.csproj", "{38514147-C1A0-39E7-B64D-EA0F206E659B}"
EndProject
Project("{FAE04EC0-301F-11D3-BF4B-00C04F79EFBC}") = "EpicGames.Perforce", "..\..\UnrealEngine\LocalBuilds\Engine\Windows\Engine\Source\Programs\Shared\EpicGames.Perforce\EpicGames.Perforce.csproj", "{78C4EFD1-FB2F-36CE-95E0-39D94EFEEBDD}"
EndProject
Project("{FAE04EC0-301F-11D3-BF4B-00C04F79EFBC}") = "EpicGames.Perforce.Fixture", "..\..\UnrealEngine\LocalBuilds\Engine\Windows\Engine\Source\Programs\Shared\EpicGames.Perforce.Fixture\EpicGames.Perforce.Fixture.csproj", "{476D3888-1F4C-36D8-BDE6-3AB12A71751B}"
EndProject
Project("{FAE04EC0-301F-11D3-BF4B-00C04F79EFBC}") = "EpicGames.Perforce.Managed", "..\..\UnrealEngine\LocalBuilds\Engine\Windows\Engine\Source\Programs\Shared\EpicGames.Perforce.Managed\EpicGames.Perforce.Managed.csproj", "{A0693F22-0F39-3A94-A7EE-5410565A0D34}"
EndProject
Project("{FAE04EC0-301F-11D3-BF4B-00C04F79EFBC}") = "EpicGames.Redis", "..\..\UnrealEngine\LocalBuilds\Engine\Windows\Engine\Source\Programs\Shared\EpicGames.Redis\EpicGames.Redis.csproj", "{E45A25D4-0186-303E-85F0-3C3EDB6B58BD}"
EndProject
Project("{FAE04EC0-301F-11D3-BF4B-00C04F79EFBC}") = "EpicGames.Serialization", "..\..\UnrealEngine\LocalBuilds\Engine\Windows\Engine\Source\Programs\Shared\EpicGames.Serialization\EpicGames.Serialization.csproj", "{9FFA449B-696F-35C9-8648-63347BBE5995}"
EndProject
Project("{FAE04EC0-301F-11D3-BF4B-00C04F79EFBC}") = "EpicGames.Slack", "..\..\UnrealEngine\LocalBuilds\Engine\Windows\Engine\Source\Programs\Shared\EpicGames.Slack\EpicGames.Slack.csproj", "{5BEC6BD0-3FEB-3CEC-A366-C18CA75CE6D0}"
EndProject
Project("{FAE04EC0-301F-11D3-BF4B-00C04F79EFBC}") = "EpicGames.Tracing", "..\..\UnrealEngine\LocalBuilds\Engine\Windows\Engine\Source\Programs\Shared\EpicGames.Tracing\EpicGames.Tracing.csproj", "{DC898B8B-C6B7-319B-9940-EB75FB90C492}"
EndProject
Project("{FAE04EC0-301F-11D3-BF4B-00C04F79EFBC}") = "EpicGames.UHT", "..\..\UnrealEngine\LocalBuilds\Engine\Windows\Engine\Source\Programs\Shared\EpicGames.UHT\EpicGames.UHT.csproj", "{7FC3F28A-3B86-3E3D-99E8-3D46A655B9DE}"
EndProject
Project("{FAE04EC0-301F-11D3-BF4B-00C04F79EFBC}") = "MemoryatorModuleRules", "Intermediate\Build\BuildRulesProjects\MemoryatorModuleRules\MemoryatorModuleRules.csproj", "{D92C8420-3BCD-37CA-BBEE-1DAA9525635C}"
EndProject
Project("{FAE04EC0-301F-11D3-BF4B-00C04F79EFBC}") = "UE5ProgramRules", "..\..\UnrealEngine\LocalBuilds\Engine\Windows\Engine\Intermediate\Build\BuildRulesProjects\UE5ProgramRules\UE5ProgramRules.csproj", "{9C940E7A-F906-32F6-A42F-5F2577A5847D}"
EndProject
Project("{FAE04EC0-301F-11D3-BF4B-00C04F79EFBC}") = "UE5Rules", "..\..\UnrealEngine\LocalBuilds\Engine\Windows\Engine\Intermediate\Build\BuildRulesProjects\UE5Rules\UE5Rules.csproj", "{6F4896E1-35EB-3AEE-BC7E-11A89EB9A13B}"
EndProject
Project("{2150E333-8FDC-42A3-9474-1A3956D46DE8}") = "Visualizers", "Visualizers", "{1CCEC849-CC72-4C59-8C36-2F7C38706D4C}"
	ProjectSection(SolutionItems) = preProject
		..\..\UnrealEngine\LocalBuilds\Engine\Windows\Engine\Extras\VisualStudioDebugging\Unreal.natvis = ..\..\UnrealEngine\LocalBuilds\Engine\Windows\Engine\Extras\VisualStudioDebugging\Unreal.natvis
		..\..\UnrealEngine\LocalBuilds\Engine\Windows\Engine\Extras\VisualStudioDebugging\Unreal.natstepfilter = ..\..\UnrealEngine\LocalBuilds\Engine\Windows\Engine\Extras\VisualStudioDebugging\Unreal.natstepfilter
	EndProjectSection
EndProject
Global
	GlobalSection(SolutionConfigurationPlatforms) = preSolution
		DebugGame Editor|Win64 = DebugGame Editor|Win64
		DebugGame|Win64 = DebugGame|Win64
		Development Editor|Win64 = Development Editor|Win64
		Development|Win64 = Development|Win64
		Shipping|Win64 = Shipping|Win64
	EndGlobalSection
	# UnrealVS Section
	GlobalSection(ddbf523f-7eb6-4887-bd51-85a714ff87eb) = preSolution
		AvailablePlatforms=Win64
	EndGlobalSection
	GlobalSection(ProjectConfigurationPlatforms) = postSolution
		{FD51045C-BC3D-3C21-B94E-0A1E603CFD20}.DebugGame Editor|Win64.ActiveCfg = DebugGame_Editor|x64
		{FD51045C-BC3D-3C21-B94E-0A1E603CFD20}.DebugGame Editor|Win64.Build.0 = DebugGame_Editor|x64
		{FD51045C-BC3D-3C21-B94E-0A1E603CFD20}.DebugGame|Win64.ActiveCfg = DebugGame|x64
		{FD51045C-BC3D-3C21-B94E-0A1E603CFD20}.DebugGame|Win64.Build.0 = DebugGame|x64
		{FD51045C-BC3D-3C21-B94E-0A1E603CFD20}.Development Editor|Win64.ActiveCfg = Development_Editor|x64
		{FD51045C-BC3D-3C21-B94E-0A1E603CFD20}.Development Editor|Win64.Build.0 = Development_Editor|x64
		{FD51045C-BC3D-3C21-B94E-0A1E603CFD20}.Development|Win64.ActiveCfg = Development|x64
		{FD51045C-BC3D-3C21-B94E-0A1E603CFD20}.Development|Win64.Build.0 = Development|x64
		{FD51045C-BC3D-3C21-B94E-0A1E603CFD20}.Shipping|Win64.ActiveCfg = Shipping|x64
		{FD51045C-BC3D-3C21-B94E-0A1E603CFD20}.Shipping|Win64.Build.0 = Shipping|x64
		{0191613C-4DB7-3FFC-A82A-40E6C5E0005E}.DebugGame Editor|Win64.ActiveCfg = BuiltWithUnrealBuildTool|Win64
		{0191613C-4DB7-3FFC-A82A-40E6C5E0005E}.DebugGame|Win64.ActiveCfg = BuiltWithUnrealBuildTool|Win64
		{0191613C-4DB7-3FFC-A82A-40E6C5E0005E}.Development Editor|Win64.ActiveCfg = BuiltWithUnrealBuildTool|Win64
		{0191613C-4DB7-3FFC-A82A-40E6C5E0005E}.Development|Win64.ActiveCfg = BuiltWithUnrealBuildTool|Win64
		{0191613C-4DB7-3FFC-A82A-40E6C5E0005E}.Shipping|Win64.ActiveCfg = BuiltWithUnrealBuildTool|Win64
		{B0CD8D05-BBA6-3D03-8009-20FA92759F0D}.DebugGame Editor|Win64.ActiveCfg = Development|Any CPU
		{B0CD8D05-BBA6-3D03-8009-20FA92759F0D}.DebugGame Editor|Win64.Build.0 = Development|Any CPU
		{B0CD8D05-BBA6-3D03-8009-20FA92759F0D}.DebugGame|Win64.ActiveCfg = Development|Any CPU
		{B0CD8D05-BBA6-3D03-8009-20FA92759F0D}.DebugGame|Win64.Build.0 = Development|Any CPU
		{B0CD8D05-BBA6-3D03-8009-20FA92759F0D}.Development Editor|Win64.ActiveCfg = Development|Any CPU
		{B0CD8D05-BBA6-3D03-8009-20FA92759F0D}.Development Editor|Win64.Build.0 = Development|Any CPU
		{B0CD8D05-BBA6-3D03-8009-20FA92759F0D}.Development|Win64.ActiveCfg = Development|Any CPU
		{B0CD8D05-BBA6-3D03-8009-20FA92759F0D}.Development|Win64.Build.0 = Development|Any CPU
		{B0CD8D05-BBA6-3D03-8009-20FA92759F0D}.Shipping|Win64.ActiveCfg = Development|Any CPU
		{B0CD8D05-BBA6-3D03-8009-20FA92759F0D}.Shipping|Win64.Build.0 = Development|Any CPU
		{DDB967DB-0DBA-313B-9CEB-23A8B7EB3D91}.DebugGame Editor|Win64.ActiveCfg = Development|Any CPU
		{DDB967DB-0DBA-313B-9CEB-23A8B7EB3D91}.DebugGame Editor|Win64.Build.0 = Development|Any CPU
		{DDB967DB-0DBA-313B-9CEB-23A8B7EB3D91}.DebugGame|Win64.ActiveCfg = Development|Any CPU
		{DDB967DB-0DBA-313B-9CEB-23A8B7EB3D91}.DebugGame|Win64.Build.0 = Development|Any CPU
		{DDB967DB-0DBA-313B-9CEB-23A8B7EB3D91}.Development Editor|Win64.ActiveCfg = Development|Any CPU
		{DDB967DB-0DBA-313B-9CEB-23A8B7EB3D91}.Development Editor|Win64.Build.0 = Development|Any CPU
		{DDB967DB-0DBA-313B-9CEB-23A8B7EB3D91}.Development|Win64.ActiveCfg = Development|Any CPU
		{DDB967DB-0DBA-313B-9CEB-23A8B7EB3D91}.Development|Win64.Build.0 = Development|Any CPU
		{DDB967DB-0DBA-313B-9CEB-23A8B7EB3D91}.Shipping|Win64.ActiveCfg = Development|Any CPU
		{DDB967DB-0DBA-313B-9CEB-23A8B7EB3D91}.Shipping|Win64.Build.0 = Development|Any CPU
		{239FB517-BB17-3BE9-A06C-345069C7FD56}.DebugGame Editor|Win64.ActiveCfg = Development|Any CPU
		{239FB517-BB17-3BE9-A06C-345069C7FD56}.DebugGame Editor|Win64.Build.0 = Development|Any CPU
		{239FB517-BB17-3BE9-A06C-345069C7FD56}.DebugGame|Win64.ActiveCfg = Development|Any CPU
		{239FB517-BB17-3BE9-A06C-345069C7FD56}.DebugGame|Win64.Build.0 = Development|Any CPU
		{239FB517-BB17-3BE9-A06C-345069C7FD56}.Development Editor|Win64.ActiveCfg = Development|Any CPU
		{239FB517-BB17-3BE9-A06C-345069C7FD56}.Development Editor|Win64.Build.0 = Development|Any CPU
		{239FB517-BB17-3BE9-A06C-345069C7FD56}.Development|Win64.ActiveCfg = Development|Any CPU
		{239FB517-BB17-3BE9-A06C-345069C7FD56}.Development|Win64.Build.0 = Development|Any CPU
		{239FB517-BB17-3BE9-A06C-345069C7FD56}.Shipping|Win64.ActiveCfg = Development|Any CPU
		{239FB517-BB17-3BE9-A06C-345069C7FD56}.Shipping|Win64.Build.0 = Development|Any CPU
		{97440FB3-67AC-32D7-844E-7A4FE604C28F}.DebugGame Editor|Win64.ActiveCfg = Development|Any CPU
		{97440FB3-67AC-32D7-844E-7A4FE604C28F}.DebugGame Editor|Win64.Build.0 = Development|Any CPU
		{97440FB3-67AC-32D7-844E-7A4FE604C28F}.DebugGame|Win64.ActiveCfg = Development|Any CPU
		{97440FB3-67AC-32D7-844E-7A4FE604C28F}.DebugGame|Win64.Build.0 = Development|Any CPU
		{97440FB3-67AC-32D7-844E-7A4FE604C28F}.Development Editor|Win64.ActiveCfg = Development|Any CPU
		{97440FB3-67AC-32D7-844E-7A4FE604C28F}.Development Editor|Win64.Build.0 = Development|Any CPU
		{97440FB3-67AC-32D7-844E-7A4FE604C28F}.Development|Win64.ActiveCfg = Development|Any CPU
		{97440FB3-67AC-32D7-844E-7A4FE604C28F}.Development|Win64.Build.0 = Development|Any CPU
		{97440FB3-67AC-32D7-844E-7A4FE604C28F}.Shipping|Win64.ActiveCfg = Development|Any CPU
		{97440FB3-67AC-32D7-844E-7A4FE604C28F}.Shipping|Win64.Build.0 = Development|Any CPU
		{193B2507-25A1-3352-B647-593F1DD11278}.DebugGame Editor|Win64.ActiveCfg = Development|Any CPU
		{193B2507-25A1-3352-B647-593F1DD11278}.DebugGame Editor|Win64.Build.0 = Development|Any CPU
		{193B2507-25A1-3352-B647-593F1DD11278}.DebugGame|Win64.ActiveCfg = Development|Any CPU
		{193B2507-25A1-3352-B647-593F1DD11278}.DebugGame|Win64.Build.0 = Development|Any CPU
		{193B2507-25A1-3352-B647-593F1DD11278}.Development Editor|Win64.ActiveCfg = Development|Any CPU
		{193B2507-25A1-3352-B647-593F1DD11278}.Development Editor|Win64.Build.0 = Development|Any CPU
		{193B2507-25A1-3352-B647-593F1DD11278}.Development|Win64.ActiveCfg = Development|Any CPU
		{193B2507-25A1-3352-B647-593F1DD11278}.Development|Win64.Build.0 = Development|Any CPU
		{193B2507-25A1-3352-B647-593F1DD11278}.Shipping|Win64.ActiveCfg = Development|Any CPU
		{193B2507-25A1-3352-B647-593F1DD11278}.Shipping|Win64.Build.0 = Development|Any CPU
		{61CA5947-4287-3B42-B0E3-4CF1D4CE8936}.DebugGame Editor|Win64.ActiveCfg = Development|Any CPU
		{61CA5947-4287-3B42-B0E3-4CF1D4CE8936}.DebugGame Editor|Win64.Build.0 = Development|Any CPU
		{61CA5947-4287-3B42-B0E3-4CF1D4CE8936}.DebugGame|Win64.ActiveCfg = Development|Any CPU
		{61CA5947-4287-3B42-B0E3-4CF1D4CE8936}.DebugGame|Win64.Build.0 = Development|Any CPU
		{61CA5947-4287-3B42-B0E3-4CF1D4CE8936}.Development Editor|Win64.ActiveCfg = Development|Any CPU
		{61CA5947-4287-3B42-B0E3-4CF1D4CE8936}.Development Editor|Win64.Build.0 = Development|Any CPU
		{61CA5947-4287-3B42-B0E3-4CF1D4CE8936}.Development|Win64.ActiveCfg = Development|Any CPU
		{61CA5947-4287-3B42-B0E3-4CF1D4CE8936}.Development|Win64.Build.0 = Development|Any CPU
		{61CA5947-4287-3B42-B0E3-4CF1D4CE8936}.Shipping|Win64.ActiveCfg = Development|Any CPU
		{61CA5947-4287-3B42-B0E3-4CF1D4CE8936}.Shipping|Win64.Build.0 = Development|Any CPU
		{A3AC0AB1-4F90-342C-9E9A-3D3BEB168870}.DebugGame Editor|Win64.ActiveCfg = Development|Any CPU
		{A3AC0AB1-4F90-342C-9E9A-3D3BEB168870}.DebugGame Editor|Win64.Build.0 = Development|Any CPU
		{A3AC0AB1-4F90-342C-9E9A-3D3BEB168870}.DebugGame|Win64.ActiveCfg = Development|Any CPU
		{A3AC0AB1-4F90-342C-9E9A-3D3BEB168870}.DebugGame|Win64.Build.0 = Development|Any CPU
		{A3AC0AB1-4F90-342C-9E9A-3D3BEB168870}.Development Editor|Win64.ActiveCfg = Development|Any CPU
		{A3AC0AB1-4F90-342C-9E9A-3D3BEB168870}.Development Editor|Win64.Build.0 = Development|Any CPU
		{A3AC0AB1-4F90-342C-9E9A-3D3BEB168870}.Development|Win64.ActiveCfg = Development|Any CPU
		{A3AC0AB1-4F90-342C-9E9A-3D3BEB168870}.Development|Win64.Build.0 = Development|Any CPU
		{A3AC0AB1-4F90-342C-9E9A-3D3BEB168870}.Shipping|Win64.ActiveCfg = Development|Any CPU
		{A3AC0AB1-4F90-342C-9E9A-3D3BEB168870}.Shipping|Win64.Build.0 = Development|Any CPU
		{33813FD0-8B0F-3825-8EDC-DC9248113FE6}.DebugGame Editor|Win64.ActiveCfg = Development|Any CPU
		{33813FD0-8B0F-3825-8EDC-DC9248113FE6}.DebugGame Editor|Win64.Build.0 = Development|Any CPU
		{33813FD0-8B0F-3825-8EDC-DC9248113FE6}.DebugGame|Win64.ActiveCfg = Development|Any CPU
		{33813FD0-8B0F-3825-8EDC-DC9248113FE6}.DebugGame|Win64.Build.0 = Development|Any CPU
		{33813FD0-8B0F-3825-8EDC-DC9248113FE6}.Development Editor|Win64.ActiveCfg = Development|Any CPU
		{33813FD0-8B0F-3825-8EDC-DC9248113FE6}.Development Editor|Win64.Build.0 = Development|Any CPU
		{33813FD0-8B0F-3825-8EDC-DC9248113FE6}.Development|Win64.ActiveCfg = Development|Any CPU
		{33813FD0-8B0F-3825-8EDC-DC9248113FE6}.Development|Win64.Build.0 = Development|Any CPU
		{33813FD0-8B0F-3825-8EDC-DC9248113FE6}.Shipping|Win64.ActiveCfg = Development|Any CPU
		{33813FD0-8B0F-3825-8EDC-DC9248113FE6}.Shipping|Win64.Build.0 = Development|Any CPU
		{BA65C7E4-C2E8-3507-93F8-4D0C848FC1E2}.DebugGame Editor|Win64.ActiveCfg = Development|Any CPU
		{BA65C7E4-C2E8-3507-93F8-4D0C848FC1E2}.DebugGame Editor|Win64.Build.0 = Development|Any CPU
		{BA65C7E4-C2E8-3507-93F8-4D0C848FC1E2}.DebugGame|Win64.ActiveCfg = Development|Any CPU
		{BA65C7E4-C2E8-3507-93F8-4D0C848FC1E2}.DebugGame|Win64.Build.0 = Development|Any CPU
		{BA65C7E4-C2E8-3507-93F8-4D0C848FC1E2}.Development Editor|Win64.ActiveCfg = Development|Any CPU
		{BA65C7E4-C2E8-3507-93F8-4D0C848FC1E2}.Development Editor|Win64.Build.0 = Development|Any CPU
		{BA65C7E4-C2E8-3507-93F8-4D0C848FC1E2}.Development|Win64.ActiveCfg = Development|Any CPU
		{BA65C7E4-C2E8-3507-93F8-4D0C848FC1E2}.Development|Win64.Build.0 = Development|Any CPU
		{BA65C7E4-C2E8-3507-93F8-4D0C848FC1E2}.Shipping|Win64.ActiveCfg = Development|Any CPU
		{BA65C7E4-C2E8-3507-93F8-4D0C848FC1E2}.Shipping|Win64.Build.0 = Development|Any CPU
		{4211DD85-089E-3DFA-8286-6FA5A555ED05}.DebugGame Editor|Win64.ActiveCfg = Development|Any CPU
		{4211DD85-089E-3DFA-8286-6FA5A555ED05}.DebugGame Editor|Win64.Build.0 = Development|Any CPU
		{4211DD85-089E-3DFA-8286-6FA5A555ED05}.DebugGame|Win64.ActiveCfg = Development|Any CPU
		{4211DD85-089E-3DFA-8286-6FA5A555ED05}.DebugGame|Win64.Build.0 = Development|Any CPU
		{4211DD85-089E-3DFA-8286-6FA5A555ED05}.Development Editor|Win64.ActiveCfg = Development|Any CPU
		{4211DD85-089E-3DFA-8286-6FA5A555ED05}.Development Editor|Win64.Build.0 = Development|Any CPU
		{4211DD85-089E-3DFA-8286-6FA5A555ED05}.Development|Win64.ActiveCfg = Development|Any CPU
		{4211DD85-089E-3DFA-8286-6FA5A555ED05}.Development|Win64.Build.0 = Development|Any CPU
		{4211DD85-089E-3DFA-8286-6FA5A555ED05}.Shipping|Win64.ActiveCfg = Development|Any CPU
		{4211DD85-089E-3DFA-8286-6FA5A555ED05}.Shipping|Win64.Build.0 = Development|Any CPU
		{5BB139E1-EA39-352D-AF22-56BEEE61D3E4}.DebugGame Editor|Win64.ActiveCfg = Development|Any CPU
		{5BB139E1-EA39-352D-AF22-56BEEE61D3E4}.DebugGame Editor|Win64.Build.0 = Development|Any CPU
		{5BB139E1-EA39-352D-AF22-56BEEE61D3E4}.DebugGame|Win64.ActiveCfg = Development|Any CPU
		{5BB139E1-EA39-352D-AF22-56BEEE61D3E4}.DebugGame|Win64.Build.0 = Development|Any CPU
		{5BB139E1-EA39-352D-AF22-56BEEE61D3E4}.Development Editor|Win64.ActiveCfg = Development|Any CPU
		{5BB139E1-EA39-352D-AF22-56BEEE61D3E4}.Development Editor|Win64.Build.0 = Development|Any CPU
		{5BB139E1-EA39-352D-AF22-56BEEE61D3E4}.Development|Win64.ActiveCfg = Development|Any CPU
		{5BB139E1-EA39-352D-AF22-56BEEE61D3E4}.Development|Win64.Build.0 = Development|Any CPU
		{5BB139E1-EA39-352D-AF22-56BEEE61D3E4}.Shipping|Win64.ActiveCfg = Development|Any CPU
		{5BB139E1-EA39-352D-AF22-56BEEE61D3E4}.Shipping|Win64.Build.0 = Development|Any CPU
		{4B083E6F-F8E1-32C5-9290-2B26442435D7}.DebugGame Editor|Win64.ActiveCfg = Development|Any CPU
		{4B083E6F-F8E1-32C5-9290-2B26442435D7}.DebugGame Editor|Win64.Build.0 = Development|Any CPU
		{4B083E6F-F8E1-32C5-9290-2B26442435D7}.DebugGame|Win64.ActiveCfg = Development|Any CPU
		{4B083E6F-F8E1-32C5-9290-2B26442435D7}.DebugGame|Win64.Build.0 = Development|Any CPU
		{4B083E6F-F8E1-32C5-9290-2B26442435D7}.Development Editor|Win64.ActiveCfg = Development|Any CPU
		{4B083E6F-F8E1-32C5-9290-2B26442435D7}.Development Editor|Win64.Build.0 = Development|Any CPU
		{4B083E6F-F8E1-32C5-9290-2B26442435D7}.Development|Win64.ActiveCfg = Development|Any CPU
		{4B083E6F-F8E1-32C5-9290-2B26442435D7}.Development|Win64.Build.0 = Development|Any CPU
		{4B083E6F-F8E1-32C5-9290-2B26442435D7}.Shipping|Win64.ActiveCfg = Development|Any CPU
		{4B083E6F-F8E1-32C5-9290-2B26442435D7}.Shipping|Win64.Build.0 = Development|Any CPU
		{42BDCB3C-04EE-3D98-A9BC-48B2BAE0774E}.DebugGame Editor|Win64.ActiveCfg = Development|Any CPU
		{42BDCB3C-04EE-3D98-A9BC-48B2BAE0774E}.DebugGame Editor|Win64.Build.0 = Development|Any CPU
		{42BDCB3C-04EE-3D98-A9BC-48B2BAE0774E}.DebugGame|Win64.ActiveCfg = Development|Any CPU
		{42BDCB3C-04EE-3D98-A9BC-48B2BAE0774E}.DebugGame|Win64.Build.0 = Development|Any CPU
		{42BDCB3C-04EE-3D98-A9BC-48B2BAE0774E}.Development Editor|Win64.ActiveCfg = Development|Any CPU
		{42BDCB3C-04EE-3D98-A9BC-48B2BAE0774E}.Development Editor|Win64.Build.0 = Development|Any CPU
		{42BDCB3C-04EE-3D98-A9BC-48B2BAE0774E}.Development|Win64.ActiveCfg = Development|Any CPU
		{42BDCB3C-04EE-3D98-A9BC-48B2BAE0774E}.Development|Win64.Build.0 = Development|Any CPU
		{42BDCB3C-04EE-3D98-A9BC-48B2BAE0774E}.Shipping|Win64.ActiveCfg = Development|Any CPU
		{42BDCB3C-04EE-3D98-A9BC-48B2BAE0774E}.Shipping|Win64.Build.0 = Development|Any CPU
		{B52EBF4B-98C9-30F1-8583-1BCFC8821542}.DebugGame Editor|Win64.ActiveCfg = Development|Any CPU
		{B52EBF4B-98C9-30F1-8583-1BCFC8821542}.DebugGame Editor|Win64.Build.0 = Development|Any CPU
		{B52EBF4B-98C9-30F1-8583-1BCFC8821542}.DebugGame|Win64.ActiveCfg = Development|Any CPU
		{B52EBF4B-98C9-30F1-8583-1BCFC8821542}.DebugGame|Win64.Build.0 = Development|Any CPU
		{B52EBF4B-98C9-30F1-8583-1BCFC8821542}.Development Editor|Win64.ActiveCfg = Development|Any CPU
		{B52EBF4B-98C9-30F1-8583-1BCFC8821542}.Development Editor|Win64.Build.0 = Development|Any CPU
		{B52EBF4B-98C9-30F1-8583-1BCFC8821542}.Development|Win64.ActiveCfg = Development|Any CPU
		{B52EBF4B-98C9-30F1-8583-1BCFC8821542}.Development|Win64.Build.0 = Development|Any CPU
		{B52EBF4B-98C9-30F1-8583-1BCFC8821542}.Shipping|Win64.ActiveCfg = Development|Any CPU
		{B52EBF4B-98C9-30F1-8583-1BCFC8821542}.Shipping|Win64.Build.0 = Development|Any CPU
		{39695F9B-517A-3C55-8085-4453CDBFD345}.DebugGame Editor|Win64.ActiveCfg = Development|Any CPU
		{39695F9B-517A-3C55-8085-4453CDBFD345}.DebugGame Editor|Win64.Build.0 = Development|Any CPU
		{39695F9B-517A-3C55-8085-4453CDBFD345}.DebugGame|Win64.ActiveCfg = Development|Any CPU
		{39695F9B-517A-3C55-8085-4453CDBFD345}.DebugGame|Win64.Build.0 = Development|Any CPU
		{39695F9B-517A-3C55-8085-4453CDBFD345}.Development Editor|Win64.ActiveCfg = Development|Any CPU
		{39695F9B-517A-3C55-8085-4453CDBFD345}.Development Editor|Win64.Build.0 = Development|Any CPU
		{39695F9B-517A-3C55-8085-4453CDBFD345}.Development|Win64.ActiveCfg = Development|Any CPU
		{39695F9B-517A-3C55-8085-4453CDBFD345}.Development|Win64.Build.0 = Development|Any CPU
		{39695F9B-517A-3C55-8085-4453CDBFD345}.Shipping|Win64.ActiveCfg = Development|Any CPU
		{39695F9B-517A-3C55-8085-4453CDBFD345}.Shipping|Win64.Build.0 = Development|Any CPU
		{C02CE889-7A8A-395E-A650-9C2214EC58B0}.DebugGame Editor|Win64.ActiveCfg = Development|Any CPU
		{C02CE889-7A8A-395E-A650-9C2214EC58B0}.DebugGame Editor|Win64.Build.0 = Development|Any CPU
		{C02CE889-7A8A-395E-A650-9C2214EC58B0}.DebugGame|Win64.ActiveCfg = Development|Any CPU
		{C02CE889-7A8A-395E-A650-9C2214EC58B0}.DebugGame|Win64.Build.0 = Development|Any CPU
		{C02CE889-7A8A-395E-A650-9C2214EC58B0}.Development Editor|Win64.ActiveCfg = Development|Any CPU
		{C02CE889-7A8A-395E-A650-9C2214EC58B0}.Development Editor|Win64.Build.0 = Development|Any CPU
		{C02CE889-7A8A-395E-A650-9C2214EC58B0}.Development|Win64.ActiveCfg = Development|Any CPU
		{C02CE889-7A8A-395E-A650-9C2214EC58B0}.Development|Win64.Build.0 = Development|Any CPU
		{C02CE889-7A8A-395E-A650-9C2214EC58B0}.Shipping|Win64.ActiveCfg = Development|Any CPU
		{C02CE889-7A8A-395E-A650-9C2214EC58B0}.Shipping|Win64.Build.0 = Development|Any CPU
		{27F24524-C2A0-309B-819F-90785D0F9575}.DebugGame Editor|Win64.ActiveCfg = Development|Any CPU
		{27F24524-C2A0-309B-819F-90785D0F9575}.DebugGame Editor|Win64.Build.0 = Development|Any CPU
		{27F24524-C2A0-309B-819F-90785D0F9575}.DebugGame|Win64.ActiveCfg = Development|Any CPU
		{27F24524-C2A0-309B-819F-90785D0F9575}.DebugGame|Win64.Build.0 = Development|Any CPU
		{27F24524-C2A0-309B-819F-90785D0F9575}.Development Editor|Win64.ActiveCfg = Development|Any CPU
		{27F24524-C2A0-309B-819F-90785D0F9575}.Development Editor|Win64.Build.0 = Development|Any CPU
		{27F24524-C2A0-309B-819F-90785D0F9575}.Development|Win64.ActiveCfg = Development|Any CPU
		{27F24524-C2A0-309B-819F-90785D0F9575}.Development|Win64.Build.0 = Development|Any CPU
		{27F24524-C2A0-309B-819F-90785D0F9575}.Shipping|Win64.ActiveCfg = Development|Any CPU
		{27F24524-C2A0-309B-819F-90785D0F9575}.Shipping|Win64.Build.0 = Development|Any CPU
		{D9A943E9-8D3E-3C33-A2FF-3B7C150B06F4}.DebugGame Editor|Win64.ActiveCfg = Development|Any CPU
		{D9A943E9-8D3E-3C33-A2FF-3B7C150B06F4}.DebugGame Editor|Win64.Build.0 = Development|Any CPU
		{D9A943E9-8D3E-3C33-A2FF-3B7C150B06F4}.DebugGame|Win64.ActiveCfg = Development|Any CPU
		{D9A943E9-8D3E-3C33-A2FF-3B7C150B06F4}.DebugGame|Win64.Build.0 = Development|Any CPU
		{D9A943E9-8D3E-3C33-A2FF-3B7C150B06F4}.Development Editor|Win64.ActiveCfg = Development|Any CPU
		{D9A943E9-8D3E-3C33-A2FF-3B7C150B06F4}.Development Editor|Win64.Build.0 = Development|Any CPU
		{D9A943E9-8D3E-3C33-A2FF-3B7C150B06F4}.Development|Win64.ActiveCfg = Development|Any CPU
		{D9A943E9-8D3E-3C33-A2FF-3B7C150B06F4}.Development|Win64.Build.0 = Development|Any CPU
		{D9A943E9-8D3E-3C33-A2FF-3B7C150B06F4}.Shipping|Win64.ActiveCfg = Development|Any CPU
		{D9A943E9-8D3E-3C33-A2FF-3B7C150B06F4}.Shipping|Win64.Build.0 = Development|Any CPU
		{4EA9D9A7-A886-3EF8-BE43-60055B9369EE}.DebugGame Editor|Win64.ActiveCfg = Development|Any CPU
		{4EA9D9A7-A886-3EF8-BE43-60055B9369EE}.DebugGame Editor|Win64.Build.0 = Development|Any CPU
		{4EA9D9A7-A886-3EF8-BE43-60055B9369EE}.DebugGame|Win64.ActiveCfg = Development|Any CPU
		{4EA9D9A7-A886-3EF8-BE43-60055B9369EE}.DebugGame|Win64.Build.0 = Development|Any CPU
		{4EA9D9A7-A886-3EF8-BE43-60055B9369EE}.Development Editor|Win64.ActiveCfg = Development|Any CPU
		{4EA9D9A7-A886-3EF8-BE43-60055B9369EE}.Development Editor|Win64.Build.0 = Development|Any CPU
		{4EA9D9A7-A886-3EF8-BE43-60055B9369EE}.Development|Win64.ActiveCfg = Development|Any CPU
		{4EA9D9A7-A886-3EF8-BE43-60055B9369EE}.Development|Win64.Build.0 = Development|Any CPU
		{4EA9D9A7-A886-3EF8-BE43-60055B9369EE}.Shipping|Win64.ActiveCfg = Development|Any CPU
		{4EA9D9A7-A886-3EF8-BE43-60055B9369EE}.Shipping|Win64.Build.0 = Development|Any CPU
		{41FED0A9-8FE9-3C9F-9DAC-F6762AF67284}.DebugGame Editor|Win64.ActiveCfg = Development|Any CPU
		{41FED0A9-8FE9-3C9F-9DAC-F6762AF67284}.DebugGame Editor|Win64.Build.0 = Development|Any CPU
		{41FED0A9-8FE9-3C9F-9DAC-F6762AF67284}.DebugGame|Win64.ActiveCfg = Development|Any CPU
		{41FED0A9-8FE9-3C9F-9DAC-F6762AF67284}.DebugGame|Win64.Build.0 = Development|Any CPU
		{41FED0A9-8FE9-3C9F-9DAC-F6762AF67284}.Development Editor|Win64.ActiveCfg = Development|Any CPU
		{41FED0A9-8FE9-3C9F-9DAC-F6762AF67284}.Development Editor|Win64.Build.0 = Development|Any CPU
		{41FED0A9-8FE9-3C9F-9DAC-F6762AF67284}.Development|Win64.ActiveCfg = Development|Any CPU
		{41FED0A9-8FE9-3C9F-9DAC-F6762AF67284}.Development|Win64.Build.0 = Development|Any CPU
		{41FED0A9-8FE9-3C9F-9DAC-F6762AF67284}.Shipping|Win64.ActiveCfg = Development|Any CPU
		{41FED0A9-8FE9-3C9F-9DAC-F6762AF67284}.Shipping|Win64.Build.0 = Development|Any CPU
		{ED1FCFA6-4482-3014-B163-F778F4580E56}.DebugGame Editor|Win64.ActiveCfg = Development|Any CPU
		{ED1FCFA6-4482-3014-B163-F778F4580E56}.DebugGame Editor|Win64.Build.0 = Development|Any CPU
		{ED1FCFA6-4482-3014-B163-F778F4580E56}.DebugGame|Win64.ActiveCfg = Development|Any CPU
		{ED1FCFA6-4482-3014-B163-F778F4580E56}.DebugGame|Win64.Build.0 = Development|Any CPU
		{ED1FCFA6-4482-3014-B163-F778F4580E56}.Development Editor|Win64.ActiveCfg = Development|Any CPU
		{ED1FCFA6-4482-3014-B163-F778F4580E56}.Development Editor|Win64.Build.0 = Development|Any CPU
		{ED1FCFA6-4482-3014-B163-F778F4580E56}.Development|Win64.ActiveCfg = Development|Any CPU
		{ED1FCFA6-4482-3014-B163-F778F4580E56}.Development|Win64.Build.0 = Development|Any CPU
		{ED1FCFA6-4482-3014-B163-F778F4580E56}.Shipping|Win64.ActiveCfg = Development|Any CPU
		{ED1FCFA6-4482-3014-B163-F778F4580E56}.Shipping|Win64.Build.0 = Development|Any CPU
		{99709819-CB1C-3221-A780-5D2343CE84C8}.DebugGame Editor|Win64.ActiveCfg = Development|Any CPU
		{99709819-CB1C-3221-A780-5D2343CE84C8}.DebugGame Editor|Win64.Build.0 = Development|Any CPU
		{99709819-CB1C-3221-A780-5D2343CE84C8}.DebugGame|Win64.ActiveCfg = Development|Any CPU
		{99709819-CB1C-3221-A780-5D2343CE84C8}.DebugGame|Win64.Build.0 = Development|Any CPU
		{99709819-CB1C-3221-A780-5D2343CE84C8}.Development Editor|Win64.ActiveCfg = Development|Any CPU
		{99709819-CB1C-3221-A780-5D2343CE84C8}.Development Editor|Win64.Build.0 = Development|Any CPU
		{99709819-CB1C-3221-A780-5D2343CE84C8}.Development|Win64.ActiveCfg = Development|Any CPU
		{99709819-CB1C-3221-A780-5D2343CE84C8}.Development|Win64.Build.0 = Development|Any CPU
		{99709819-CB1C-3221-A780-5D2343CE84C8}.Shipping|Win64.ActiveCfg = Development|Any CPU
		{99709819-CB1C-3221-A780-5D2343CE84C8}.Shipping|Win64.Build.0 = Development|Any CPU
		{E7335B08-A86B-387E-B808-367F8FC4C289}.DebugGame Editor|Win64.ActiveCfg = Development|Any CPU
		{E7335B08-A86B-387E-B808-367F8FC4C289}.DebugGame Editor|Win64.Build.0 = Development|Any CPU
		{E7335B08-A86B-387E-B808-367F8FC4C289}.DebugGame|Win64.ActiveCfg = Development|Any CPU
		{E7335B08-A86B-387E-B808-367F8FC4C289}.DebugGame|Win64.Build.0 = Development|Any CPU
		{E7335B08-A86B-387E-B808-367F8FC4C289}.Development Editor|Win64.ActiveCfg = Development|Any CPU
		{E7335B08-A86B-387E-B808-367F8FC4C289}.Development Editor|Win64.Build.0 = Development|Any CPU
		{E7335B08-A86B-387E-B808-367F8FC4C289}.Development|Win64.ActiveCfg = Development|Any CPU
		{E7335B08-A86B-387E-B808-367F8FC4C289}.Development|Win64.Build.0 = Development|Any CPU
		{E7335B08-A86B-387E-B808-367F8FC4C289}.Shipping|Win64.ActiveCfg = Development|Any CPU
		{E7335B08-A86B-387E-B808-367F8FC4C289}.Shipping|Win64.Build.0 = Development|Any CPU
		{2F5AA2B5-A18B-325F-903C-202647EDB399}.DebugGame Editor|Win64.ActiveCfg = Development|Any CPU
		{2F5AA2B5-A18B-325F-903C-202647EDB399}.DebugGame Editor|Win64.Build.0 = Development|Any CPU
		{2F5AA2B5-A18B-325F-903C-202647EDB399}.DebugGame|Win64.ActiveCfg = Development|Any CPU
		{2F5AA2B5-A18B-325F-903C-202647EDB399}.DebugGame|Win64.Build.0 = Development|Any CPU
		{2F5AA2B5-A18B-325F-903C-202647EDB399}.Development Editor|Win64.ActiveCfg = Development|Any CPU
		{2F5AA2B5-A18B-325F-903C-202647EDB399}.Development Editor|Win64.Build.0 = Development|Any CPU
		{2F5AA2B5-A18B-325F-903C-202647EDB399}.Development|Win64.ActiveCfg = Development|Any CPU
		{2F5AA2B5-A18B-325F-903C-202647EDB399}.Development|Win64.Build.0 = Development|Any CPU
		{2F5AA2B5-A18B-325F-903C-202647EDB399}.Shipping|Win64.ActiveCfg = Development|Any CPU
		{2F5AA2B5-A18B-325F-903C-202647EDB399}.Shipping|Win64.Build.0 = Development|Any CPU
		{B281E6E9-A673-38B0-9172-6BF8CFFF0F7C}.DebugGame Editor|Win64.ActiveCfg = Development|Any CPU
		{B281E6E9-A673-38B0-9172-6BF8CFFF0F7C}.DebugGame Editor|Win64.Build.0 = Development|Any CPU
		{B281E6E9-A673-38B0-9172-6BF8CFFF0F7C}.DebugGame|Win64.ActiveCfg = Development|Any CPU
		{B281E6E9-A673-38B0-9172-6BF8CFFF0F7C}.DebugGame|Win64.Build.0 = Development|Any CPU
		{B281E6E9-A673-38B0-9172-6BF8CFFF0F7C}.Development Editor|Win64.ActiveCfg = Development|Any CPU
		{B281E6E9-A673-38B0-9172-6BF8CFFF0F7C}.Development Editor|Win64.Build.0 = Development|Any CPU
		{B281E6E9-A673-38B0-9172-6BF8CFFF0F7C}.Development|Win64.ActiveCfg = Development|Any CPU
		{B281E6E9-A673-38B0-9172-6BF8CFFF0F7C}.Development|Win64.Build.0 = Development|Any CPU
		{B281E6E9-A673-38B0-9172-6BF8CFFF0F7C}.Shipping|Win64.ActiveCfg = Development|Any CPU
		{B281E6E9-A673-38B0-9172-6BF8CFFF0F7C}.Shipping|Win64.Build.0 = Development|Any CPU
		{A1B8E4B8-444B-394F-A86A-52BEBE7DD30C}.DebugGame Editor|Win64.ActiveCfg = Development|Any CPU
		{A1B8E4B8-444B-394F-A86A-52BEBE7DD30C}.DebugGame Editor|Win64.Build.0 = Development|Any CPU
		{A1B8E4B8-444B-394F-A86A-52BEBE7DD30C}.DebugGame|Win64.ActiveCfg = Development|Any CPU
		{A1B8E4B8-444B-394F-A86A-52BEBE7DD30C}.DebugGame|Win64.Build.0 = Development|Any CPU
		{A1B8E4B8-444B-394F-A86A-52BEBE7DD30C}.Development Editor|Win64.ActiveCfg = Development|Any CPU
		{A1B8E4B8-444B-394F-A86A-52BEBE7DD30C}.Development Editor|Win64.Build.0 = Development|Any CPU
		{A1B8E4B8-444B-394F-A86A-52BEBE7DD30C}.Development|Win64.ActiveCfg = Development|Any CPU
		{A1B8E4B8-444B-394F-A86A-52BEBE7DD30C}.Development|Win64.Build.0 = Development|Any CPU
		{A1B8E4B8-444B-394F-A86A-52BEBE7DD30C}.Shipping|Win64.ActiveCfg = Development|Any CPU
		{A1B8E4B8-444B-394F-A86A-52BEBE7DD30C}.Shipping|Win64.Build.0 = Development|Any CPU
		{9D987B31-8D69-37A2-8F93-A59E67E11A61}.DebugGame Editor|Win64.ActiveCfg = Development|Any CPU
		{9D987B31-8D69-37A2-8F93-A59E67E11A61}.DebugGame Editor|Win64.Build.0 = Development|Any CPU
		{9D987B31-8D69-37A2-8F93-A59E67E11A61}.DebugGame|Win64.ActiveCfg = Development|Any CPU
		{9D987B31-8D69-37A2-8F93-A59E67E11A61}.DebugGame|Win64.Build.0 = Development|Any CPU
		{9D987B31-8D69-37A2-8F93-A59E67E11A61}.Development Editor|Win64.ActiveCfg = Development|Any CPU
		{9D987B31-8D69-37A2-8F93-A59E67E11A61}.Development Editor|Win64.Build.0 = Development|Any CPU
		{9D987B31-8D69-37A2-8F93-A59E67E11A61}.Development|Win64.ActiveCfg = Development|Any CPU
		{9D987B31-8D69-37A2-8F93-A59E67E11A61}.Development|Win64.Build.0 = Development|Any CPU
		{9D987B31-8D69-37A2-8F93-A59E67E11A61}.Shipping|Win64.ActiveCfg = Development|Any CPU
		{9D987B31-8D69-37A2-8F93-A59E67E11A61}.Shipping|Win64.Build.0 = Development|Any CPU
		{47017F94-A284-354C-91E7-C856A16519BD}.DebugGame Editor|Win64.ActiveCfg = Development|Any CPU
		{47017F94-A284-354C-91E7-C856A16519BD}.DebugGame Editor|Win64.Build.0 = Development|Any CPU
		{47017F94-A284-354C-91E7-C856A16519BD}.DebugGame|Win64.ActiveCfg = Development|Any CPU
		{47017F94-A284-354C-91E7-C856A16519BD}.DebugGame|Win64.Build.0 = Development|Any CPU
		{47017F94-A284-354C-91E7-C856A16519BD}.Development Editor|Win64.ActiveCfg = Development|Any CPU
		{47017F94-A284-354C-91E7-C856A16519BD}.Development Editor|Win64.Build.0 = Development|Any CPU
		{47017F94-A284-354C-91E7-C856A16519BD}.Development|Win64.ActiveCfg = Development|Any CPU
		{47017F94-A284-354C-91E7-C856A16519BD}.Development|Win64.Build.0 = Development|Any CPU
		{47017F94-A284-354C-91E7-C856A16519BD}.Shipping|Win64.ActiveCfg = Development|Any CPU
		{47017F94-A284-354C-91E7-C856A16519BD}.Shipping|Win64.Build.0 = Development|Any CPU
		{32E9C29B-0C1E-3D2F-8717-C2E7E9FD95B4}.DebugGame Editor|Win64.ActiveCfg = Development|Any CPU
		{32E9C29B-0C1E-3D2F-8717-C2E7E9FD95B4}.DebugGame Editor|Win64.Build.0 = Development|Any CPU
		{32E9C29B-0C1E-3D2F-8717-C2E7E9FD95B4}.DebugGame|Win64.ActiveCfg = Development|Any CPU
		{32E9C29B-0C1E-3D2F-8717-C2E7E9FD95B4}.DebugGame|Win64.Build.0 = Development|Any CPU
		{32E9C29B-0C1E-3D2F-8717-C2E7E9FD95B4}.Development Editor|Win64.ActiveCfg = Development|Any CPU
		{32E9C29B-0C1E-3D2F-8717-C2E7E9FD95B4}.Development Editor|Win64.Build.0 = Development|Any CPU
		{32E9C29B-0C1E-3D2F-8717-C2E7E9FD95B4}.Development|Win64.ActiveCfg = Development|Any CPU
		{32E9C29B-0C1E-3D2F-8717-C2E7E9FD95B4}.Development|Win64.Build.0 = Development|Any CPU
		{32E9C29B-0C1E-3D2F-8717-C2E7E9FD95B4}.Shipping|Win64.ActiveCfg = Development|Any CPU
		{32E9C29B-0C1E-3D2F-8717-C2E7E9FD95B4}.Shipping|Win64.Build.0 = Development|Any CPU
		{AF220EA6-DBA5-3018-B349-B11946E7A02B}.DebugGame Editor|Win64.ActiveCfg = Development|Any CPU
		{AF220EA6-DBA5-3018-B349-B11946E7A02B}.DebugGame Editor|Win64.Build.0 = Development|Any CPU
		{AF220EA6-DBA5-3018-B349-B11946E7A02B}.DebugGame|Win64.ActiveCfg = Development|Any CPU
		{AF220EA6-DBA5-3018-B349-B11946E7A02B}.DebugGame|Win64.Build.0 = Development|Any CPU
		{AF220EA6-DBA5-3018-B349-B11946E7A02B}.Development Editor|Win64.ActiveCfg = Development|Any CPU
		{AF220EA6-DBA5-3018-B349-B11946E7A02B}.Development Editor|Win64.Build.0 = Development|Any CPU
		{AF220EA6-DBA5-3018-B349-B11946E7A02B}.Development|Win64.ActiveCfg = Development|Any CPU
		{AF220EA6-DBA5-3018-B349-B11946E7A02B}.Development|Win64.Build.0 = Development|Any CPU
		{AF220EA6-DBA5-3018-B349-B11946E7A02B}.Shipping|Win64.ActiveCfg = Development|Any CPU
		{AF220EA6-DBA5-3018-B349-B11946E7A02B}.Shipping|Win64.Build.0 = Development|Any CPU
		{B27B0C24-1D7D-3C88-BF47-6B9A4CB2E282}.DebugGame Editor|Win64.ActiveCfg = Development|Any CPU
		{B27B0C24-1D7D-3C88-BF47-6B9A4CB2E282}.DebugGame Editor|Win64.Build.0 = Development|Any CPU
		{B27B0C24-1D7D-3C88-BF47-6B9A4CB2E282}.DebugGame|Win64.ActiveCfg = Development|Any CPU
		{B27B0C24-1D7D-3C88-BF47-6B9A4CB2E282}.DebugGame|Win64.Build.0 = Development|Any CPU
		{B27B0C24-1D7D-3C88-BF47-6B9A4CB2E282}.Development Editor|Win64.ActiveCfg = Development|Any CPU
		{B27B0C24-1D7D-3C88-BF47-6B9A4CB2E282}.Development Editor|Win64.Build.0 = Development|Any CPU
		{B27B0C24-1D7D-3C88-BF47-6B9A4CB2E282}.Development|Win64.ActiveCfg = Development|Any CPU
		{B27B0C24-1D7D-3C88-BF47-6B9A4CB2E282}.Development|Win64.Build.0 = Development|Any CPU
		{B27B0C24-1D7D-3C88-BF47-6B9A4CB2E282}.Shipping|Win64.ActiveCfg = Development|Any CPU
		{B27B0C24-1D7D-3C88-BF47-6B9A4CB2E282}.Shipping|Win64.Build.0 = Development|Any CPU
		{1298D2C1-6B68-3D6B-A333-568D4D04376C}.DebugGame Editor|Win64.ActiveCfg = Development|Any CPU
		{1298D2C1-6B68-3D6B-A333-568D4D04376C}.DebugGame Editor|Win64.Build.0 = Development|Any CPU
		{1298D2C1-6B68-3D6B-A333-568D4D04376C}.DebugGame|Win64.ActiveCfg = Development|Any CPU
		{1298D2C1-6B68-3D6B-A333-568D4D04376C}.DebugGame|Win64.Build.0 = Development|Any CPU
		{1298D2C1-6B68-3D6B-A333-568D4D04376C}.Development Editor|Win64.ActiveCfg = Development|Any CPU
		{1298D2C1-6B68-3D6B-A333-568D4D04376C}.Development Editor|Win64.Build.0 = Development|Any CPU
		{1298D2C1-6B68-3D6B-A333-568D4D04376C}.Development|Win64.ActiveCfg = Development|Any CPU
		{1298D2C1-6B68-3D6B-A333-568D4D04376C}.Development|Win64.Build.0 = Development|Any CPU
		{1298D2C1-6B68-3D6B-A333-568D4D04376C}.Shipping|Win64.ActiveCfg = Development|Any CPU
		{1298D2C1-6B68-3D6B-A333-568D4D04376C}.Shipping|Win64.Build.0 = Development|Any CPU
		{35F1E8CC-2F0D-3ED5-852E-A74EB3A89E64}.DebugGame Editor|Win64.ActiveCfg = Development|Any CPU
		{35F1E8CC-2F0D-3ED5-852E-A74EB3A89E64}.DebugGame Editor|Win64.Build.0 = Development|Any CPU
		{35F1E8CC-2F0D-3ED5-852E-A74EB3A89E64}.DebugGame|Win64.ActiveCfg = Development|Any CPU
		{35F1E8CC-2F0D-3ED5-852E-A74EB3A89E64}.DebugGame|Win64.Build.0 = Development|Any CPU
		{35F1E8CC-2F0D-3ED5-852E-A74EB3A89E64}.Development Editor|Win64.ActiveCfg = Development|Any CPU
		{35F1E8CC-2F0D-3ED5-852E-A74EB3A89E64}.Development Editor|Win64.Build.0 = Development|Any CPU
		{35F1E8CC-2F0D-3ED5-852E-A74EB3A89E64}.Development|Win64.ActiveCfg = Development|Any CPU
		{35F1E8CC-2F0D-3ED5-852E-A74EB3A89E64}.Development|Win64.Build.0 = Development|Any CPU
		{35F1E8CC-2F0D-3ED5-852E-A74EB3A89E64}.Shipping|Win64.ActiveCfg = Development|Any CPU
		{35F1E8CC-2F0D-3ED5-852E-A74EB3A89E64}.Shipping|Win64.Build.0 = Development|Any CPU
		{2E6BFF29-9D41-3399-8C47-939B98244E9A}.DebugGame Editor|Win64.ActiveCfg = Development|Any CPU
		{2E6BFF29-9D41-3399-8C47-939B98244E9A}.DebugGame Editor|Win64.Build.0 = Development|Any CPU
		{2E6BFF29-9D41-3399-8C47-939B98244E9A}.DebugGame|Win64.ActiveCfg = Development|Any CPU
		{2E6BFF29-9D41-3399-8C47-939B98244E9A}.DebugGame|Win64.Build.0 = Development|Any CPU
		{2E6BFF29-9D41-3399-8C47-939B98244E9A}.Development Editor|Win64.ActiveCfg = Development|Any CPU
		{2E6BFF29-9D41-3399-8C47-939B98244E9A}.Development Editor|Win64.Build.0 = Development|Any CPU
		{2E6BFF29-9D41-3399-8C47-939B98244E9A}.Development|Win64.ActiveCfg = Development|Any CPU
		{2E6BFF29-9D41-3399-8C47-939B98244E9A}.Development|Win64.Build.0 = Development|Any CPU
		{2E6BFF29-9D41-3399-8C47-939B98244E9A}.Shipping|Win64.ActiveCfg = Development|Any CPU
		{2E6BFF29-9D41-3399-8C47-939B98244E9A}.Shipping|Win64.Build.0 = Development|Any CPU
		{38514147-C1A0-39E7-B64D-EA0F206E659B}.DebugGame Editor|Win64.ActiveCfg = Development|Any CPU
		{38514147-C1A0-39E7-B64D-EA0F206E659B}.DebugGame Editor|Win64.Build.0 = Development|Any CPU
		{38514147-C1A0-39E7-B64D-EA0F206E659B}.DebugGame|Win64.ActiveCfg = Development|Any CPU
		{38514147-C1A0-39E7-B64D-EA0F206E659B}.DebugGame|Win64.Build.0 = Development|Any CPU
		{38514147-C1A0-39E7-B64D-EA0F206E659B}.Development Editor|Win64.ActiveCfg = Development|Any CPU
		{38514147-C1A0-39E7-B64D-EA0F206E659B}.Development Editor|Win64.Build.0 = Development|Any CPU
		{38514147-C1A0-39E7-B64D-EA0F206E659B}.Development|Win64.ActiveCfg = Development|Any CPU
		{38514147-C1A0-39E7-B64D-EA0F206E659B}.Development|Win64.Build.0 = Development|Any CPU
		{38514147-C1A0-39E7-B64D-EA0F206E659B}.Shipping|Win64.ActiveCfg = Development|Any CPU
		{38514147-C1A0-39E7-B64D-EA0F206E659B}.Shipping|Win64.Build.0 = Development|Any CPU
		{78C4EFD1-FB2F-36CE-95E0-39D94EFEEBDD}.DebugGame Editor|Win64.ActiveCfg = Development|Any CPU
		{78C4EFD1-FB2F-36CE-95E0-39D94EFEEBDD}.DebugGame Editor|Win64.Build.0 = Development|Any CPU
		{78C4EFD1-FB2F-36CE-95E0-39D94EFEEBDD}.DebugGame|Win64.ActiveCfg = Development|Any CPU
		{78C4EFD1-FB2F-36CE-95E0-39D94EFEEBDD}.DebugGame|Win64.Build.0 = Development|Any CPU
		{78C4EFD1-FB2F-36CE-95E0-39D94EFEEBDD}.Development Editor|Win64.ActiveCfg = Development|Any CPU
		{78C4EFD1-FB2F-36CE-95E0-39D94EFEEBDD}.Development Editor|Win64.Build.0 = Development|Any CPU
		{78C4EFD1-FB2F-36CE-95E0-39D94EFEEBDD}.Development|Win64.ActiveCfg = Development|Any CPU
		{78C4EFD1-FB2F-36CE-95E0-39D94EFEEBDD}.Development|Win64.Build.0 = Development|Any CPU
		{78C4EFD1-FB2F-36CE-95E0-39D94EFEEBDD}.Shipping|Win64.ActiveCfg = Development|Any CPU
		{78C4EFD1-FB2F-36CE-95E0-39D94EFEEBDD}.Shipping|Win64.Build.0 = Development|Any CPU
		{476D3888-1F4C-36D8-BDE6-3AB12A71751B}.DebugGame Editor|Win64.ActiveCfg = Development|Any CPU
		{476D3888-1F4C-36D8-BDE6-3AB12A71751B}.DebugGame Editor|Win64.Build.0 = Development|Any CPU
		{476D3888-1F4C-36D8-BDE6-3AB12A71751B}.DebugGame|Win64.ActiveCfg = Development|Any CPU
		{476D3888-1F4C-36D8-BDE6-3AB12A71751B}.DebugGame|Win64.Build.0 = Development|Any CPU
		{476D3888-1F4C-36D8-BDE6-3AB12A71751B}.Development Editor|Win64.ActiveCfg = Development|Any CPU
		{476D3888-1F4C-36D8-BDE6-3AB12A71751B}.Development Editor|Win64.Build.0 = Development|Any CPU
		{476D3888-1F4C-36D8-BDE6-3AB12A71751B}.Development|Win64.ActiveCfg = Development|Any CPU
		{476D3888-1F4C-36D8-BDE6-3AB12A71751B}.Development|Win64.Build.0 = Development|Any CPU
		{476D3888-1F4C-36D8-BDE6-3AB12A71751B}.Shipping|Win64.ActiveCfg = Development|Any CPU
		{476D3888-1F4C-36D8-BDE6-3AB12A71751B}.Shipping|Win64.Build.0 = Development|Any CPU
		{A0693F22-0F39-3A94-A7EE-5410565A0D34}.DebugGame Editor|Win64.ActiveCfg = Development|Any CPU
		{A0693F22-0F39-3A94-A7EE-5410565A0D34}.DebugGame Editor|Win64.Build.0 = Development|Any CPU
		{A0693F22-0F39-3A94-A7EE-5410565A0D34}.DebugGame|Win64.ActiveCfg = Development|Any CPU
		{A0693F22-0F39-3A94-A7EE-5410565A0D34}.DebugGame|Win64.Build.0 = Development|Any CPU
		{A0693F22-0F39-3A94-A7EE-5410565A0D34}.Development Editor|Win64.ActiveCfg = Development|Any CPU
		{A0693F22-0F39-3A94-A7EE-5410565A0D34}.Development Editor|Win64.Build.0 = Development|Any CPU
		{A0693F22-0F39-3A94-A7EE-5410565A0D34}.Development|Win64.ActiveCfg = Development|Any CPU
		{A0693F22-0F39-3A94-A7EE-5410565A0D34}.Development|Win64.Build.0 = Development|Any CPU
		{A0693F22-0F39-3A94-A7EE-5410565A0D34}.Shipping|Win64.ActiveCfg = Development|Any CPU
		{A0693F22-0F39-3A94-A7EE-5410565A0D34}.Shipping|Win64.Build.0 = Development|Any CPU
		{E45A25D4-0186-303E-85F0-3C3EDB6B58BD}.DebugGame Editor|Win64.ActiveCfg = Development|Any CPU
		{E45A25D4-0186-303E-85F0-3C3EDB6B58BD}.DebugGame Editor|Win64.Build.0 = Development|Any CPU
		{E45A25D4-0186-303E-85F0-3C3EDB6B58BD}.DebugGame|Win64.ActiveCfg = Development|Any CPU
		{E45A25D4-0186-303E-85F0-3C3EDB6B58BD}.DebugGame|Win64.Build.0 = Development|Any CPU
		{E45A25D4-0186-303E-85F0-3C3EDB6B58BD}.Development Editor|Win64.ActiveCfg = Development|Any CPU
		{E45A25D4-0186-303E-85F0-3C3EDB6B58BD}.Development Editor|Win64.Build.0 = Development|Any CPU
		{E45A25D4-0186-303E-85F0-3C3EDB6B58BD}.Development|Win64.ActiveCfg = Development|Any CPU
		{E45A25D4-0186-303E-85F0-3C3EDB6B58BD}.Development|Win64.Build.0 = Development|Any CPU
		{E45A25D4-0186-303E-85F0-3C3EDB6B58BD}.Shipping|Win64.ActiveCfg = Development|Any CPU
		{E45A25D4-0186-303E-85F0-3C3EDB6B58BD}.Shipping|Win64.Build.0 = Development|Any CPU
		{9FFA449B-696F-35C9-8648-63347BBE5995}.DebugGame Editor|Win64.ActiveCfg = Development|Any CPU
		{9FFA449B-696F-35C9-8648-63347BBE5995}.DebugGame Editor|Win64.Build.0 = Development|Any CPU
		{9FFA449B-696F-35C9-8648-63347BBE5995}.DebugGame|Win64.ActiveCfg = Development|Any CPU
		{9FFA449B-696F-35C9-8648-63347BBE5995}.DebugGame|Win64.Build.0 = Development|Any CPU
		{9FFA449B-696F-35C9-8648-63347BBE5995}.Development Editor|Win64.ActiveCfg = Development|Any CPU
		{9FFA449B-696F-35C9-8648-63347BBE5995}.Development Editor|Win64.Build.0 = Development|Any CPU
		{9FFA449B-696F-35C9-8648-63347BBE5995}.Development|Win64.ActiveCfg = Development|Any CPU
		{9FFA449B-696F-35C9-8648-63347BBE5995}.Development|Win64.Build.0 = Development|Any CPU
		{9FFA449B-696F-35C9-8648-63347BBE5995}.Shipping|Win64.ActiveCfg = Development|Any CPU
		{9FFA449B-696F-35C9-8648-63347BBE5995}.Shipping|Win64.Build.0 = Development|Any CPU
		{5BEC6BD0-3FEB-3CEC-A366-C18CA75CE6D0}.DebugGame Editor|Win64.ActiveCfg = Development|Any CPU
		{5BEC6BD0-3FEB-3CEC-A366-C18CA75CE6D0}.DebugGame Editor|Win64.Build.0 = Development|Any CPU
		{5BEC6BD0-3FEB-3CEC-A366-C18CA75CE6D0}.DebugGame|Win64.ActiveCfg = Development|Any CPU
		{5BEC6BD0-3FEB-3CEC-A366-C18CA75CE6D0}.DebugGame|Win64.Build.0 = Development|Any CPU
		{5BEC6BD0-3FEB-3CEC-A366-C18CA75CE6D0}.Development Editor|Win64.ActiveCfg = Development|Any CPU
		{5BEC6BD0-3FEB-3CEC-A366-C18CA75CE6D0}.Development Editor|Win64.Build.0 = Development|Any CPU
		{5BEC6BD0-3FEB-3CEC-A366-C18CA75CE6D0}.Development|Win64.ActiveCfg = Development|Any CPU
		{5BEC6BD0-3FEB-3CEC-A366-C18CA75CE6D0}.Development|Win64.Build.0 = Development|Any CPU
		{5BEC6BD0-3FEB-3CEC-A366-C18CA75CE6D0}.Shipping|Win64.ActiveCfg = Development|Any CPU
		{5BEC6BD0-3FEB-3CEC-A366-C18CA75CE6D0}.Shipping|Win64.Build.0 = Development|Any CPU
		{DC898B8B-C6B7-319B-9940-EB75FB90C492}.DebugGame Editor|Win64.ActiveCfg = Development|Any CPU
		{DC898B8B-C6B7-319B-9940-EB75FB90C492}.DebugGame Editor|Win64.Build.0 = Development|Any CPU
		{DC898B8B-C6B7-319B-9940-EB75FB90C492}.DebugGame|Win64.ActiveCfg = Development|Any CPU
		{DC898B8B-C6B7-319B-9940-EB75FB90C492}.DebugGame|Win64.Build.0 = Development|Any CPU
		{DC898B8B-C6B7-319B-9940-EB75FB90C492}.Development Editor|Win64.ActiveCfg = Development|Any CPU
		{DC898B8B-C6B7-319B-9940-EB75FB90C492}.Development Editor|Win64.Build.0 = Development|Any CPU
		{DC898B8B-C6B7-319B-9940-EB75FB90C492}.Development|Win64.ActiveCfg = Development|Any CPU
		{DC898B8B-C6B7-319B-9940-EB75FB90C492}.Development|Win64.Build.0 = Development|Any CPU
		{DC898B8B-C6B7-319B-9940-EB75FB90C492}.Shipping|Win64.ActiveCfg = Development|Any CPU
		{DC898B8B-C6B7-319B-9940-EB75FB90C492}.Shipping|Win64.Build.0 = Development|Any CPU
		{7FC3F28A-3B86-3E3D-99E8-3D46A655B9DE}.DebugGame Editor|Win64.ActiveCfg = Development|Any CPU
		{7FC3F28A-3B86-3E3D-99E8-3D46A655B9DE}.DebugGame Editor|Win64.Build.0 = Development|Any CPU
		{7FC3F28A-3B86-3E3D-99E8-3D46A655B9DE}.DebugGame|Win64.ActiveCfg = Development|Any CPU
		{7FC3F28A-3B86-3E3D-99E8-3D46A655B9DE}.DebugGame|Win64.Build.0 = Development|Any CPU
		{7FC3F28A-3B86-3E3D-99E8-3D46A655B9DE}.Development Editor|Win64.ActiveCfg = Development|Any CPU
		{7FC3F28A-3B86-3E3D-99E8-3D46A655B9DE}.Development Editor|Win64.Build.0 = Development|Any CPU
		{7FC3F28A-3B86-3E3D-99E8-3D46A655B9DE}.Development|Win64.ActiveCfg = Development|Any CPU
		{7FC3F28A-3B86-3E3D-99E8-3D46A655B9DE}.Development|Win64.Build.0 = Development|Any CPU
		{7FC3F28A-3B86-3E3D-99E8-3D46A655B9DE}.Shipping|Win64.ActiveCfg = Development|Any CPU
		{7FC3F28A-3B86-3E3D-99E8-3D46A655B9DE}.Shipping|Win64.Build.0 = Development|Any CPU
		{D92C8420-3BCD-37CA-BBEE-1DAA9525635C}.DebugGame Editor|Win64.ActiveCfg = Development|Any CPU
		{D92C8420-3BCD-37CA-BBEE-1DAA9525635C}.DebugGame Editor|Win64.Build.0 = Development|Any CPU
		{D92C8420-3BCD-37CA-BBEE-1DAA9525635C}.DebugGame|Win64.ActiveCfg = Development|Any CPU
		{D92C8420-3BCD-37CA-BBEE-1DAA9525635C}.DebugGame|Win64.Build.0 = Development|Any CPU
		{D92C8420-3BCD-37CA-BBEE-1DAA9525635C}.Development Editor|Win64.ActiveCfg = Development|Any CPU
		{D92C8420-3BCD-37CA-BBEE-1DAA9525635C}.Development Editor|Win64.Build.0 = Development|Any CPU
		{D92C8420-3BCD-37CA-BBEE-1DAA9525635C}.Development|Win64.ActiveCfg = Development|Any CPU
		{D92C8420-3BCD-37CA-BBEE-1DAA9525635C}.Development|Win64.Build.0 = Development|Any CPU
		{D92C8420-3BCD-37CA-BBEE-1DAA9525635C}.Shipping|Win64.ActiveCfg = Development|Any CPU
		{D92C8420-3BCD-37CA-BBEE-1DAA9525635C}.Shipping|Win64.Build.0 = Development|Any CPU
		{9C940E7A-F906-32F6-A42F-5F2577A5847D}.DebugGame Editor|Win64.ActiveCfg = Development|Any CPU
		{9C940E7A-F906-32F6-A42F-5F2577A5847D}.DebugGame Editor|Win64.Build.0 = Development|Any CPU
		{9C940E7A-F906-32F6-A42F-5F2577A5847D}.DebugGame|Win64.ActiveCfg = Development|Any CPU
		{9C940E7A-F906-32F6-A42F-5F2577A5847D}.DebugGame|Win64.Build.0 = Development|Any CPU
		{9C940E7A-F906-32F6-A42F-5F2577A5847D}.Development Editor|Win64.ActiveCfg = Development|Any CPU
		{9C940E7A-F906-32F6-A42F-5F2577A5847D}.Development Editor|Win64.Build.0 = Development|Any CPU
		{9C940E7A-F906-32F6-A42F-5F2577A5847D}.Development|Win64.ActiveCfg = Development|Any CPU
		{9C940E7A-F906-32F6-A42F-5F2577A5847D}.Development|Win64.Build.0 = Development|Any CPU
		{9C940E7A-F906-32F6-A42F-5F2577A5847D}.Shipping|Win64.ActiveCfg = Development|Any CPU
		{9C940E7A-F906-32F6-A42F-5F2577A5847D}.Shipping|Win64.Build.0 = Development|Any CPU
		{6F4896E1-35EB-3AEE-BC7E-11A89EB9A13B}.DebugGame Editor|Win64.ActiveCfg = Development|Any CPU
		{6F4896E1-35EB-3AEE-BC7E-11A89EB9A13B}.DebugGame Editor|Win64.Build.0 = Development|Any CPU
		{6F4896E1-35EB-3AEE-BC7E-11A89EB9A13B}.DebugGame|Win64.ActiveCfg = Development|Any CPU
		{6F4896E1-35EB-3AEE-BC7E-11A89EB9A13B}.DebugGame|Win64.Build.0 = Development|Any CPU
		{6F4896E1-35EB-3AEE-BC7E-11A89EB9A13B}.Development Editor|Win64.ActiveCfg = Development|Any CPU
		{6F4896E1-35EB-3AEE-BC7E-11A89EB9A13B}.Development Editor|Win64.Build.0 = Development|Any CPU
		{6F4896E1-35EB-3AEE-BC7E-11A89EB9A13B}.Development|Win64.ActiveCfg = Development|Any CPU
		{6F4896E1-35EB-3AEE-BC7E-11A89EB9A13B}.Development|Win64.Build.0 = Development|Any CPU
		{6F4896E1-35EB-3AEE-BC7E-11A89EB9A13B}.Shipping|Win64.ActiveCfg = Development|Any CPU
		{6F4896E1-35EB-3AEE-BC7E-11A89EB9A13B}.Shipping|Win64.Build.0 = Development|Any CPU
	EndGlobalSection
	GlobalSection(SolutionProperties) = preSolution
		HideSolutionNode = FALSE
	EndGlobalSection
	GlobalSection(NestedProjects) = preSolution
		{0191613C-4DB7-3FFC-A82A-40E6C5E0005E} = {233774A8-CC9D-3FA9-86D1-90573E92B704}
		{FD51045C-BC3D-3C21-B94E-0A1E603CFD20} = {DE1F8B53-6C02-3C13-9101-A7C8D96F3FF6}
		{B0CD8D05-BBA6-3D03-8009-20FA92759F0D} = {A338B9E2-A559-34BE-A46D-F789DD488FAD}
		{DDB967DB-0DBA-313B-9CEB-23A8B7EB3D91} = {A338B9E2-A559-34BE-A46D-F789DD488FAD}
		{0BFBE63A-B98A-3411-8EEB-8918FEC737B3} = {A338B9E2-A559-34BE-A46D-F789DD488FAD}
		{7B5CFB44-F0FB-31DF-AE62-C3C096A29A7B} = {A338B9E2-A559-34BE-A46D-F789DD488FAD}
		{57713676-9DBE-331C-AD10-26632AC9EE0C} = {A338B9E2-A559-34BE-A46D-F789DD488FAD}
		{239FB517-BB17-3BE9-A06C-345069C7FD56} = {0BFBE63A-B98A-3411-8EEB-8918FEC737B3}
		{97440FB3-67AC-32D7-844E-7A4FE604C28F} = {0BFBE63A-B98A-3411-8EEB-8918FEC737B3}
		{193B2507-25A1-3352-B647-593F1DD11278} = {0BFBE63A-B98A-3411-8EEB-8918FEC737B3}
		{61CA5947-4287-3B42-B0E3-4CF1D4CE8936} = {0BFBE63A-B98A-3411-8EEB-8918FEC737B3}
		{A3AC0AB1-4F90-342C-9E9A-3D3BEB168870} = {0BFBE63A-B98A-3411-8EEB-8918FEC737B3}
		{33813FD0-8B0F-3825-8EDC-DC9248113FE6} = {0BFBE63A-B98A-3411-8EEB-8918FEC737B3}
		{BA65C7E4-C2E8-3507-93F8-4D0C848FC1E2} = {0BFBE63A-B98A-3411-8EEB-8918FEC737B3}
		{4211DD85-089E-3DFA-8286-6FA5A555ED05} = {0BFBE63A-B98A-3411-8EEB-8918FEC737B3}
		{5BB139E1-EA39-352D-AF22-56BEEE61D3E4} = {0BFBE63A-B98A-3411-8EEB-8918FEC737B3}
		{4B083E6F-F8E1-32C5-9290-2B26442435D7} = {0BFBE63A-B98A-3411-8EEB-8918FEC737B3}
		{42BDCB3C-04EE-3D98-A9BC-48B2BAE0774E} = {0BFBE63A-B98A-3411-8EEB-8918FEC737B3}
		{B52EBF4B-98C9-30F1-8583-1BCFC8821542} = {0BFBE63A-B98A-3411-8EEB-8918FEC737B3}
		{39695F9B-517A-3C55-8085-4453CDBFD345} = {0BFBE63A-B98A-3411-8EEB-8918FEC737B3}
		{C02CE889-7A8A-395E-A650-9C2214EC58B0} = {0BFBE63A-B98A-3411-8EEB-8918FEC737B3}
		{27F24524-C2A0-309B-819F-90785D0F9575} = {0BFBE63A-B98A-3411-8EEB-8918FEC737B3}
		{D9A943E9-8D3E-3C33-A2FF-3B7C150B06F4} = {0BFBE63A-B98A-3411-8EEB-8918FEC737B3}
		{4EA9D9A7-A886-3EF8-BE43-60055B9369EE} = {0BFBE63A-B98A-3411-8EEB-8918FEC737B3}
		{41FED0A9-8FE9-3C9F-9DAC-F6762AF67284} = {0BFBE63A-B98A-3411-8EEB-8918FEC737B3}
		{ED1FCFA6-4482-3014-B163-F778F4580E56} = {0BFBE63A-B98A-3411-8EEB-8918FEC737B3}
		{99709819-CB1C-3221-A780-5D2343CE84C8} = {0BFBE63A-B98A-3411-8EEB-8918FEC737B3}
		{E7335B08-A86B-387E-B808-367F8FC4C289} = {7B5CFB44-F0FB-31DF-AE62-C3C096A29A7B}
		{2F5AA2B5-A18B-325F-903C-202647EDB399} = {57713676-9DBE-331C-AD10-26632AC9EE0C}
		{B281E6E9-A673-38B0-9172-6BF8CFFF0F7C} = {57713676-9DBE-331C-AD10-26632AC9EE0C}
		{A1B8E4B8-444B-394F-A86A-52BEBE7DD30C} = {57713676-9DBE-331C-AD10-26632AC9EE0C}
		{9D987B31-8D69-37A2-8F93-A59E67E11A61} = {57713676-9DBE-331C-AD10-26632AC9EE0C}
		{47017F94-A284-354C-91E7-C856A16519BD} = {57713676-9DBE-331C-AD10-26632AC9EE0C}
		{32E9C29B-0C1E-3D2F-8717-C2E7E9FD95B4} = {57713676-9DBE-331C-AD10-26632AC9EE0C}
		{AF220EA6-DBA5-3018-B349-B11946E7A02B} = {57713676-9DBE-331C-AD10-26632AC9EE0C}
		{B27B0C24-1D7D-3C88-BF47-6B9A4CB2E282} = {57713676-9DBE-331C-AD10-26632AC9EE0C}
		{1298D2C1-6B68-3D6B-A333-568D4D04376C} = {57713676-9DBE-331C-AD10-26632AC9EE0C}
		{35F1E8CC-2F0D-3ED5-852E-A74EB3A89E64} = {57713676-9DBE-331C-AD10-26632AC9EE0C}
		{2E6BFF29-9D41-3399-8C47-939B98244E9A} = {57713676-9DBE-331C-AD10-26632AC9EE0C}
		{38514147-C1A0-39E7-B64D-EA0F206E659B} = {57713676-9DBE-331C-AD10-26632AC9EE0C}
		{78C4EFD1-FB2F-36CE-95E0-39D94EFEEBDD} = {57713676-9DBE-331C-AD10-26632AC9EE0C}
		{476D3888-1F4C-36D8-BDE6-3AB12A71751B} = {57713676-9DBE-331C-AD10-26632AC9EE0C}
		{A0693F22-0F39-3A94-A7EE-5410565A0D34} = {57713676-9DBE-331C-AD10-26632AC9EE0C}
		{E45A25D4-0186-303E-85F0-3C3EDB6B58BD} = {57713676-9DBE-331C-AD10-26632AC9EE0C}
		{9FFA449B-696F-35C9-8648-63347BBE5995} = {57713676-9DBE-331C-AD10-26632AC9EE0C}
		{5BEC6BD0-3FEB-3CEC-A366-C18CA75CE6D0} = {57713676-9DBE-331C-AD10-26632AC9EE0C}
		{DC898B8B-C6B7-319B-9940-EB75FB90C492} = {57713676-9DBE-331C-AD10-26632AC9EE0C}
		{7FC3F28A-3B86-3E3D-99E8-3D46A655B9DE} = {57713676-9DBE-331C-AD10-26632AC9EE0C}
		{D92C8420-3BCD-37CA-BBEE-1DAA9525635C} = {C2F57ECE-B26F-39D8-BDA7-C1D40BD8F180}
		{9C940E7A-F906-32F6-A42F-5F2577A5847D} = {C2F57ECE-B26F-39D8-BDA7-C1D40BD8F180}
		{6F4896E1-35EB-3AEE-BC7E-11A89EB9A13B} = {C2F57ECE-B26F-39D8-BDA7-C1D40BD8F180}
	EndGlobalSection
EndGlobal
